github.com/fcg-xvii/lineman v1.0.1 h1:1e1tE4Q4TIpGOFHlSCdsgrifjsHsLNhVpS3aWMYcy3s=
github.com/fcg-xvii/lineman v1.0.1/go.mod h1:VD8ux12NFmRoAUD4YxBSu6YTwpGIozjCJqIcDQ+WXGc=
github.com/fcg-xvii/lineman v1.0.2 h1:Ci8gEtz2G3c2GFpzEGWmFK87iexY66k3V5h7xaPZhlA=
github.com/fcg-xvii/lineman v1.0.2/go.mod h1:VD8ux12NFmRoAUD4YxBSu6YTwpGIozjCJqIcDQ+WXGc=
github.com/fcg-xvii/lineman v1.0.3 h1:NFOjSjIvRO1H9vmMXOtTENONACSeEy3mZM/CHAL4Hvo=
github.com/fcg-xvii/lineman v1.0.3/go.mod h1:VD8ux12NFmRoAUD4YxBSu6YTwpGIozjCJqIcDQ+WXGc=
github.com/fcg-xvii/lineman v1.0.4 h1:MdO4MHt/WTZbGZNMww4pWhZCrIIxb7Y4uZcQFMLGGyY=
github.com/fcg-xvii/lineman v1.0.4/go.mod h1:VD8ux12NFmRoAUD4YxBSu6YTwpGIozjCJqIcDQ+WXGc=
github.com/fcg-xvii/lineman v1.0.5 h1:OKogp0pXmjz+lhrPIhKPn7FA5lCqGySVhW1lmm+N9Vo=
github.com/fcg-xvii/lineman v1.0.5/go.mod h1:VD8ux12NFmRoAUD4YxBSu6YTwpGIozjCJqIcDQ+WXGc=
github.com/fcg-xvii/lineman v1.0.6 h1:I0ik7NhH9x9LiBUDqUVVbIr91SHX/oIBT5lS401jwsc=
github.com/fcg-xvii/lineman v1.0.6/go.mod h1:VD8ux12NFmRoAUD4YxBSu6YTwpGIozjCJqIcDQ+WXGc=
github.com/fcg-xvii/lineman v1.0.7 h1:aTgEr6KeJlQXb0yqkQ2rqO2SNB3UTyLgiUe0xDuAxxI=
github.com/fcg-xvii/lineman v1.0.7/go.mod h1:VD8ux12NFmRoAUD4YxBSu6YTwpGIozjCJqIcDQ+WXGc=
github.com/fcg-xvii/lineman v1.0.8 h1:gPWgYbG0ibnmsXMP7N8Kwt/yQ5DG/WenERRrs4kMTfo=
github.com/fcg-xvii/lineman v1.0.8/go.mod h1:VD8ux12NFmRoAUD4YxBSu6YTwpGIozjCJqIcDQ+WXGc=
github.com/golang-collections/collections v0.0.0-20130729185459-604e922904d3 h1:zN2lZNZRflqFyxVaTIU61KNKQ9C0055u9CAfpmqUvo4=
github.com/golang-collections/collections v0.0.0-20130729185459-604e922904d3/go.mod h1:nPpo7qLxd6XL3hWJG/O60sR8ZKfMCiIoNap5GvD12KU=
